{
  "name": "knowkeep",
  "version": "0.1.0",
  "lockfileVersion": 1,
  "requires": true,
  "dependencies": {
    "brief-async": {
      "version": "0.3.0",
      "resolved": "https://registry.npmjs.org/brief-async/-/brief-async-0.3.0.tgz",
      "integrity": "sha512-jq1aW0IlTvUEDR+Br3O7WCqSbGjDC4q9jHL8JcdhzUbXHJvq6msR7JZckVSRfx1Ppi1conwwb7b28u2YTRtzsg=="
    },
    "fs-handy-wraps": {
      "version": "2.1.0",
      "resolved": "https://registry.npmjs.org/fs-handy-wraps/-/fs-handy-wraps-2.1.0.tgz",
      "integrity": "sha512-EpwNSln6SfT2zGWLYj+QiihnB0P7qe/3fj+TtOktW3gjcv189Ds1hh2NKPtr6+RQOpJvorsXQuh3XHnDHN415Q=="
    },
    "parser-template": {
      "version": "1.6.0",
      "resolved": "https://registry.npmjs.org/parser-template/-/parser-template-1.6.0.tgz",
      "integrity": "sha512-7VoSJMuiBBeCeQtIO1JWwT5nTqlJCh7gpdZdUEhxuv0qQbC4UhFKcMps5+3EsfU50O5lmBTwH9CBcQWKTvX9Mw=="
    }
  }
}
