{
  "name": "knowkeep",
  "version": "0.1.0",
  "lockfileVersion": 1,
  "requires": true,
  "dependencies": {
    "flow-code-description": {
      "version": "3.2.0",
      "resolved": "https://registry.npmjs.org/flow-code-description/-/flow-code-description-3.2.0.tgz",
      "integrity": "sha512-DzJw7WNZCRe/+9yFIpjaT9uiwly5olXab8ujj1fpWrHLCcslb6ccU3uL3pAmbzUT0fc8KmDJsXQzcVzAU/9vfg=="
    },
    "fs-handy-wraps": {
      "version": "2.0.0",
      "resolved": "https://registry.npmjs.org/fs-handy-wraps/-/fs-handy-wraps-2.0.0.tgz",
      "integrity": "sha512-Gpo0GI20R5DD9TKsWiUIBlhwzaRAQkuVrhLZlsvRffWa6fSweP4bUY6tjM5stIrUVP+LXCvRHZGFJRi7KX6e7A=="
    },
    "parser-template": {
      "version": "1.6.0",
      "resolved": "https://registry.npmjs.org/parser-template/-/parser-template-1.6.0.tgz",
      "integrity": "sha512-7VoSJMuiBBeCeQtIO1JWwT5nTqlJCh7gpdZdUEhxuv0qQbC4UhFKcMps5+3EsfU50O5lmBTwH9CBcQWKTvX9Mw=="
    }
  }
}
