{
  "name": "knowkeep",
  "version": "0.1.0",
  "lockfileVersion": 1,
  "requires": true,
  "dependencies": {
    "async-brief": {
      "version": "0.1.0",
      "resolved": "https://registry.npmjs.org/async-brief/-/async-brief-0.1.0.tgz",
      "integrity": "sha512-pc8Tvm7ivhBrJfZIq51luiA4+y/EYcQ12Ig94oVvNvmDnoW8EurqcdDXCNtVurW0l71YMYY2jwSYM6093E9B6g=="
    },
    "fs-handy-wraps": {
      "version": "2.0.0",
      "resolved": "https://registry.npmjs.org/fs-handy-wraps/-/fs-handy-wraps-2.0.0.tgz",
      "integrity": "sha512-Gpo0GI20R5DD9TKsWiUIBlhwzaRAQkuVrhLZlsvRffWa6fSweP4bUY6tjM5stIrUVP+LXCvRHZGFJRi7KX6e7A=="
    },
    "parser-template": {
      "version": "1.6.0",
      "resolved": "https://registry.npmjs.org/parser-template/-/parser-template-1.6.0.tgz",
      "integrity": "sha512-7VoSJMuiBBeCeQtIO1JWwT5nTqlJCh7gpdZdUEhxuv0qQbC4UhFKcMps5+3EsfU50O5lmBTwH9CBcQWKTvX9Mw=="
    }
  }
}
